// !$*UTF8*$!
{
	archiveVersion = 1;
	classes = {
	};
	objectVersion = 51;
	objects = {

/* Begin PBXBuildFile section */
		A221957C25E153CC00CC3C02 /* UIColor+Extension.swift in Sources */ = {isa = PBXBuildFile; fileRef = A221957B25E153CC00CC3C02 /* UIColor+Extension.swift */; };
		A221958125E1592E00CC3C02 /* LIGViewController.swift in Sources */ = {isa = PBXBuildFile; fileRef = A221958025E1592E00CC3C02 /* LIGViewController.swift */; };
		A221958925E15DFF00CC3C02 /* LIGIndexViewController.swift in Sources */ = {isa = PBXBuildFile; fileRef = A221958825E15DFF00CC3C02 /* LIGIndexViewController.swift */; };
		A221958E25E15E8B00CC3C02 /* Main.storyboard in Resources */ = {isa = PBXBuildFile; fileRef = A221958C25E15E8B00CC3C02 /* Main.storyboard */; };
		A221959225E1642900CC3C02 /* UIFont+Extension.swift in Sources */ = {isa = PBXBuildFile; fileRef = A221959125E1642900CC3C02 /* UIFont+Extension.swift */; };
		A221959B25E16F6200CC3C02 /* LIGAuthenticationViewController.swift in Sources */ = {isa = PBXBuildFile; fileRef = A221959A25E16F6200CC3C02 /* LIGAuthenticationViewController.swift */; };
		A221959E25E1708900CC3C02 /* LIGStoryboardManager.swift in Sources */ = {isa = PBXBuildFile; fileRef = A221959D25E1708900CC3C02 /* LIGStoryboardManager.swift */; };
		A22195A125E170AA00CC3C02 /* LIGUserManager.swift in Sources */ = {isa = PBXBuildFile; fileRef = A22195A025E170AA00CC3C02 /* LIGUserManager.swift */; };
		A22195A825E17E4D00CC3C02 /* LIGConstants.swift in Sources */ = {isa = PBXBuildFile; fileRef = A22195A725E17E4D00CC3C02 /* LIGConstants.swift */; };
		A2527BFE25E1EB64002D1596 /* LIGViewModel.swift in Sources */ = {isa = PBXBuildFile; fileRef = A2527BFD25E1EB64002D1596 /* LIGViewModel.swift */; };
		A2527C0125E1EBA9002D1596 /* LIGAuthenticationViewModel.swift in Sources */ = {isa = PBXBuildFile; fileRef = A2527C0025E1EBA9002D1596 /* LIGAuthenticationViewModel.swift */; };
		A2527C1025E20C47002D1596 /* LIGDatabaseManager.swift in Sources */ = {isa = PBXBuildFile; fileRef = A2527C0F25E20C47002D1596 /* LIGDatabaseManager.swift */; };
		A2527C1725E224C2002D1596 /* LIGDataSourceProtocol.swift in Sources */ = {isa = PBXBuildFile; fileRef = A2527C1625E224C2002D1596 /* LIGDataSourceProtocol.swift */; };
		A2527C1B25E2257B002D1596 /* LIGUserDataSource.swift in Sources */ = {isa = PBXBuildFile; fileRef = A2527C1A25E2257B002D1596 /* LIGUserDataSource.swift */; };
		A2527C2225E2270E002D1596 /* LIGUserModel.swift in Sources */ = {isa = PBXBuildFile; fileRef = A2527C2125E2270E002D1596 /* LIGUserModel.swift */; };
		A2527C2625E22994002D1596 /* LIGUserSchema.swift in Sources */ = {isa = PBXBuildFile; fileRef = A2527C2525E22994002D1596 /* LIGUserSchema.swift */; };
		A2527C2925E26639002D1596 /* LIGPopupManager.swift in Sources */ = {isa = PBXBuildFile; fileRef = A2527C2825E26639002D1596 /* LIGPopupManager.swift */; };
		A2527C2C25E26B13002D1596 /* LIGMessagingViewController.swift in Sources */ = {isa = PBXBuildFile; fileRef = A2527C2B25E26B13002D1596 /* LIGMessagingViewController.swift */; };
		A2527C3025E28B78002D1596 /* LIGMessagingViewModel.swift in Sources */ = {isa = PBXBuildFile; fileRef = A2527C2F25E28B78002D1596 /* LIGMessagingViewModel.swift */; };
		A2682A6E25E34AEB0039A86D /* LIGDisplayObject.swift in Sources */ = {isa = PBXBuildFile; fileRef = A2682A6D25E34AEB0039A86D /* LIGDisplayObject.swift */; };
		A2682A7125E34B2C0039A86D /* LIGChatMessageDO.swift in Sources */ = {isa = PBXBuildFile; fileRef = A2682A7025E34B2C0039A86D /* LIGChatMessageDO.swift */; };
		A2682A7525E34FD10039A86D /* LIGChatMessageTableViewCell.swift in Sources */ = {isa = PBXBuildFile; fileRef = A2682A7425E34FD10039A86D /* LIGChatMessageTableViewCell.swift */; };
		A2682A7925E350600039A86D /* LIGOwnerChatMessageTableViewCell.swift in Sources */ = {isa = PBXBuildFile; fileRef = A2682A7725E350600039A86D /* LIGOwnerChatMessageTableViewCell.swift */; };
		A2682A7A25E350600039A86D /* LIGOwnerChatMessageTableViewCell.xib in Resources */ = {isa = PBXBuildFile; fileRef = A2682A7825E350600039A86D /* LIGOwnerChatMessageTableViewCell.xib */; };
		A2682A7E25E352280039A86D /* LIGMemberChatMessageTableViewCell.swift in Sources */ = {isa = PBXBuildFile; fileRef = A2682A7C25E352280039A86D /* LIGMemberChatMessageTableViewCell.swift */; };
		A2682A7F25E352280039A86D /* LIGMemberChatMessageTableViewCell.xib in Resources */ = {isa = PBXBuildFile; fileRef = A2682A7D25E352280039A86D /* LIGMemberChatMessageTableViewCell.xib */; };
		A2682A8425E35EB10039A86D /* LIGViewCellProtocol.swift in Sources */ = {isa = PBXBuildFile; fileRef = A2682A8325E35EB10039A86D /* LIGViewCellProtocol.swift */; };
		A2682B0E25E398CF0039A86D /* LIGMessagingFooterView.swift in Sources */ = {isa = PBXBuildFile; fileRef = A2682B0D25E398CF0039A86D /* LIGMessagingFooterView.swift */; };
		A2910AF325E0D94200C71B21 /* AppDelegate.swift in Sources */ = {isa = PBXBuildFile; fileRef = A2910AF225E0D94200C71B21 /* AppDelegate.swift */; };
		A2910AF525E0D94200C71B21 /* SceneDelegate.swift in Sources */ = {isa = PBXBuildFile; fileRef = A2910AF425E0D94200C71B21 /* SceneDelegate.swift */; };
		A2910AFC25E0D94400C71B21 /* Assets.xcassets in Resources */ = {isa = PBXBuildFile; fileRef = A2910AFB25E0D94400C71B21 /* Assets.xcassets */; };
		A2910AFF25E0D94400C71B21 /* LaunchScreen.storyboard in Resources */ = {isa = PBXBuildFile; fileRef = A2910AFD25E0D94400C71B21 /* LaunchScreen.storyboard */; };
		DA6E0537562EAE981F7B8E36 /* Pods_Chat.framework in Frameworks */ = {isa = PBXBuildFile; fileRef = 615C780910882D034D0838A3 /* Pods_Chat.framework */; };
/* End PBXBuildFile section */

/* Begin PBXFileReference section */
		3B02D65FF56F17978CB8FFBB /* Pods-Chat.debug.xcconfig */ = {isa = PBXFileReference; includeInIndex = 1; lastKnownFileType = text.xcconfig; name = "Pods-Chat.debug.xcconfig"; path = "Target Support Files/Pods-Chat/Pods-Chat.debug.xcconfig"; sourceTree = "<group>"; };
		615C780910882D034D0838A3 /* Pods_Chat.framework */ = {isa = PBXFileReference; explicitFileType = wrapper.framework; includeInIndex = 0; path = Pods_Chat.framework; sourceTree = BUILT_PRODUCTS_DIR; };
		A221957B25E153CC00CC3C02 /* UIColor+Extension.swift */ = {isa = PBXFileReference; lastKnownFileType = sourcecode.swift; path = "UIColor+Extension.swift"; sourceTree = "<group>"; };
		A221958025E1592E00CC3C02 /* LIGViewController.swift */ = {isa = PBXFileReference; lastKnownFileType = sourcecode.swift; path = LIGViewController.swift; sourceTree = "<group>"; };
		A221958825E15DFF00CC3C02 /* LIGIndexViewController.swift */ = {isa = PBXFileReference; fileEncoding = 4; lastKnownFileType = sourcecode.swift; path = LIGIndexViewController.swift; sourceTree = "<group>"; };
		A221958D25E15E8B00CC3C02 /* Base */ = {isa = PBXFileReference; lastKnownFileType = file.storyboard; name = Base; path = Base.lproj/Main.storyboard; sourceTree = "<group>"; };
		A221959125E1642900CC3C02 /* UIFont+Extension.swift */ = {isa = PBXFileReference; lastKnownFileType = sourcecode.swift; path = "UIFont+Extension.swift"; sourceTree = "<group>"; };
		A221959A25E16F6200CC3C02 /* LIGAuthenticationViewController.swift */ = {isa = PBXFileReference; lastKnownFileType = sourcecode.swift; path = LIGAuthenticationViewController.swift; sourceTree = "<group>"; };
		A221959D25E1708900CC3C02 /* LIGStoryboardManager.swift */ = {isa = PBXFileReference; lastKnownFileType = sourcecode.swift; path = LIGStoryboardManager.swift; sourceTree = "<group>"; };
		A22195A025E170AA00CC3C02 /* LIGUserManager.swift */ = {isa = PBXFileReference; lastKnownFileType = sourcecode.swift; path = LIGUserManager.swift; sourceTree = "<group>"; };
		A22195A725E17E4D00CC3C02 /* LIGConstants.swift */ = {isa = PBXFileReference; lastKnownFileType = sourcecode.swift; path = LIGConstants.swift; sourceTree = "<group>"; };
		A2527BFD25E1EB64002D1596 /* LIGViewModel.swift */ = {isa = PBXFileReference; lastKnownFileType = sourcecode.swift; path = LIGViewModel.swift; sourceTree = "<group>"; };
		A2527C0025E1EBA9002D1596 /* LIGAuthenticationViewModel.swift */ = {isa = PBXFileReference; lastKnownFileType = sourcecode.swift; path = LIGAuthenticationViewModel.swift; sourceTree = "<group>"; };
		A2527C0F25E20C47002D1596 /* LIGDatabaseManager.swift */ = {isa = PBXFileReference; lastKnownFileType = sourcecode.swift; path = LIGDatabaseManager.swift; sourceTree = "<group>"; };
		A2527C1625E224C2002D1596 /* LIGDataSourceProtocol.swift */ = {isa = PBXFileReference; lastKnownFileType = sourcecode.swift; path = LIGDataSourceProtocol.swift; sourceTree = "<group>"; };
		A2527C1A25E2257B002D1596 /* LIGUserDataSource.swift */ = {isa = PBXFileReference; lastKnownFileType = sourcecode.swift; path = LIGUserDataSource.swift; sourceTree = "<group>"; };
		A2527C2125E2270E002D1596 /* LIGUserModel.swift */ = {isa = PBXFileReference; fileEncoding = 4; lastKnownFileType = sourcecode.swift; path = LIGUserModel.swift; sourceTree = "<group>"; };
		A2527C2525E22994002D1596 /* LIGUserSchema.swift */ = {isa = PBXFileReference; lastKnownFileType = sourcecode.swift; path = LIGUserSchema.swift; sourceTree = "<group>"; };
		A2527C2825E26639002D1596 /* LIGPopupManager.swift */ = {isa = PBXFileReference; lastKnownFileType = sourcecode.swift; path = LIGPopupManager.swift; sourceTree = "<group>"; };
		A2527C2B25E26B13002D1596 /* LIGMessagingViewController.swift */ = {isa = PBXFileReference; lastKnownFileType = sourcecode.swift; path = LIGMessagingViewController.swift; sourceTree = "<group>"; };
		A2527C2F25E28B78002D1596 /* LIGMessagingViewModel.swift */ = {isa = PBXFileReference; lastKnownFileType = sourcecode.swift; path = LIGMessagingViewModel.swift; sourceTree = "<group>"; };
		A2682A6D25E34AEB0039A86D /* LIGDisplayObject.swift */ = {isa = PBXFileReference; lastKnownFileType = sourcecode.swift; path = LIGDisplayObject.swift; sourceTree = "<group>"; };
		A2682A7025E34B2C0039A86D /* LIGChatMessageDO.swift */ = {isa = PBXFileReference; lastKnownFileType = sourcecode.swift; path = LIGChatMessageDO.swift; sourceTree = "<group>"; };
		A2682A7425E34FD10039A86D /* LIGChatMessageTableViewCell.swift */ = {isa = PBXFileReference; lastKnownFileType = sourcecode.swift; path = LIGChatMessageTableViewCell.swift; sourceTree = "<group>"; };
		A2682A7725E350600039A86D /* LIGOwnerChatMessageTableViewCell.swift */ = {isa = PBXFileReference; lastKnownFileType = sourcecode.swift; path = LIGOwnerChatMessageTableViewCell.swift; sourceTree = "<group>"; };
		A2682A7825E350600039A86D /* LIGOwnerChatMessageTableViewCell.xib */ = {isa = PBXFileReference; lastKnownFileType = file.xib; path = LIGOwnerChatMessageTableViewCell.xib; sourceTree = "<group>"; };
		A2682A7C25E352280039A86D /* LIGMemberChatMessageTableViewCell.swift */ = {isa = PBXFileReference; lastKnownFileType = sourcecode.swift; path = LIGMemberChatMessageTableViewCell.swift; sourceTree = "<group>"; };
		A2682A7D25E352280039A86D /* LIGMemberChatMessageTableViewCell.xib */ = {isa = PBXFileReference; lastKnownFileType = file.xib; path = LIGMemberChatMessageTableViewCell.xib; sourceTree = "<group>"; };
		A2682A8325E35EB10039A86D /* LIGViewCellProtocol.swift */ = {isa = PBXFileReference; lastKnownFileType = sourcecode.swift; path = LIGViewCellProtocol.swift; sourceTree = "<group>"; };
		A2682B0D25E398CF0039A86D /* LIGMessagingFooterView.swift */ = {isa = PBXFileReference; lastKnownFileType = sourcecode.swift; path = LIGMessagingFooterView.swift; sourceTree = "<group>"; };
		A2910AEF25E0D94200C71B21 /* Chat.app */ = {isa = PBXFileReference; explicitFileType = wrapper.application; includeInIndex = 0; path = Chat.app; sourceTree = BUILT_PRODUCTS_DIR; };
		A2910AF225E0D94200C71B21 /* AppDelegate.swift */ = {isa = PBXFileReference; lastKnownFileType = sourcecode.swift; path = AppDelegate.swift; sourceTree = "<group>"; };
		A2910AF425E0D94200C71B21 /* SceneDelegate.swift */ = {isa = PBXFileReference; lastKnownFileType = sourcecode.swift; path = SceneDelegate.swift; sourceTree = "<group>"; };
		A2910AFB25E0D94400C71B21 /* Assets.xcassets */ = {isa = PBXFileReference; lastKnownFileType = folder.assetcatalog; path = Assets.xcassets; sourceTree = "<group>"; };
		A2910AFE25E0D94400C71B21 /* Base */ = {isa = PBXFileReference; lastKnownFileType = file.storyboard; name = Base; path = Base.lproj/LaunchScreen.storyboard; sourceTree = "<group>"; };
		A2910B0025E0D94400C71B21 /* Info.plist */ = {isa = PBXFileReference; lastKnownFileType = text.plist.xml; path = Info.plist; sourceTree = "<group>"; };
		B1D575C91D5038AA7AB8B444 /* Pods-Chat.release.xcconfig */ = {isa = PBXFileReference; includeInIndex = 1; lastKnownFileType = text.xcconfig; name = "Pods-Chat.release.xcconfig"; path = "Target Support Files/Pods-Chat/Pods-Chat.release.xcconfig"; sourceTree = "<group>"; };
/* End PBXFileReference section */

/* Begin PBXFrameworksBuildPhase section */
		A2910AEC25E0D94200C71B21 /* Frameworks */ = {
			isa = PBXFrameworksBuildPhase;
			buildActionMask = 2147483647;
			files = (
				DA6E0537562EAE981F7B8E36 /* Pods_Chat.framework in Frameworks */,
			);
			runOnlyForDeploymentPostprocessing = 0;
		};
/* End PBXFrameworksBuildPhase section */

/* Begin PBXGroup section */
		3E3BF6F59C8AA20F28083C94 /* Pods */ = {
			isa = PBXGroup;
			children = (
				3B02D65FF56F17978CB8FFBB /* Pods-Chat.debug.xcconfig */,
				B1D575C91D5038AA7AB8B444 /* Pods-Chat.release.xcconfig */,
			);
			path = Pods;
			sourceTree = "<group>";
		};
		6C206388BB9ABCFD9CCDE8F0 /* Frameworks */ = {
			isa = PBXGroup;
			children = (
				615C780910882D034D0838A3 /* Pods_Chat.framework */,
			);
			name = Frameworks;
			sourceTree = "<group>";
		};
		A221957525E1530800CC3C02 /* Model */ = {
			isa = PBXGroup;
			children = (
				A2527C2425E22968002D1596 /* Schema */,
				A2527C2125E2270E002D1596 /* LIGUserModel.swift */,
			);
			path = Model;
			sourceTree = "<group>";
		};
		A221957625E1531300CC3C02 /* View */ = {
			isa = PBXGroup;
			children = (
				A2682B0425E38FCA0039A86D /* CustomView */,
				A2682A6C25E34A7B0039A86D /* Model */,
				A2682A6B25E34A460039A86D /* TableViewCell */,
				A221958825E15DFF00CC3C02 /* LIGIndexViewController.swift */,
				A221958025E1592E00CC3C02 /* LIGViewController.swift */,
				A221959A25E16F6200CC3C02 /* LIGAuthenticationViewController.swift */,
				A2527C2B25E26B13002D1596 /* LIGMessagingViewController.swift */,
			);
			path = View;
			sourceTree = "<group>";
		};
		A221957725E1531A00CC3C02 /* Controller */ = {
			isa = PBXGroup;
			children = (
			);
			path = Controller;
			sourceTree = "<group>";
		};
		A221957825E1534000CC3C02 /* Extensions */ = {
			isa = PBXGroup;
			children = (
				A221957B25E153CC00CC3C02 /* UIColor+Extension.swift */,
				A221959125E1642900CC3C02 /* UIFont+Extension.swift */,
			);
			path = Extensions;
			sourceTree = "<group>";
		};
		A221957925E1534F00CC3C02 /* Managers */ = {
			isa = PBXGroup;
			children = (
				A221959D25E1708900CC3C02 /* LIGStoryboardManager.swift */,
				A22195A025E170AA00CC3C02 /* LIGUserManager.swift */,
				A2527C0F25E20C47002D1596 /* LIGDatabaseManager.swift */,
				A2527C2825E26639002D1596 /* LIGPopupManager.swift */,
			);
			path = Managers;
			sourceTree = "<group>";
		};
		A221957A25E1535F00CC3C02 /* Constants */ = {
			isa = PBXGroup;
			children = (
				A22195A725E17E4D00CC3C02 /* LIGConstants.swift */,
			);
			path = Constants;
			sourceTree = "<group>";
		};
		A2527BFC25E1EB49002D1596 /* ViewModel */ = {
			isa = PBXGroup;
			children = (
				A2527BFD25E1EB64002D1596 /* LIGViewModel.swift */,
				A2527C0025E1EBA9002D1596 /* LIGAuthenticationViewModel.swift */,
				A2527C1A25E2257B002D1596 /* LIGUserDataSource.swift */,
				A2527C2F25E28B78002D1596 /* LIGMessagingViewModel.swift */,
			);
			path = ViewModel;
			sourceTree = "<group>";
		};
		A2527C1525E2248A002D1596 /* Protocols */ = {
			isa = PBXGroup;
			children = (
				A2527C1625E224C2002D1596 /* LIGDataSourceProtocol.swift */,
				A2682A8325E35EB10039A86D /* LIGViewCellProtocol.swift */,
			);
			path = Protocols;
			sourceTree = "<group>";
		};
		A2527C2425E22968002D1596 /* Schema */ = {
			isa = PBXGroup;
			children = (
				A2527C2525E22994002D1596 /* LIGUserSchema.swift */,
			);
			path = Schema;
			sourceTree = "<group>";
		};
		A2682A6B25E34A460039A86D /* TableViewCell */ = {
			isa = PBXGroup;
			children = (
				A2682A7425E34FD10039A86D /* LIGChatMessageTableViewCell.swift */,
				A2682A7725E350600039A86D /* LIGOwnerChatMessageTableViewCell.swift */,
				A2682A7825E350600039A86D /* LIGOwnerChatMessageTableViewCell.xib */,
				A2682A7C25E352280039A86D /* LIGMemberChatMessageTableViewCell.swift */,
				A2682A7D25E352280039A86D /* LIGMemberChatMessageTableViewCell.xib */,
			);
			path = TableViewCell;
			sourceTree = "<group>";
		};
		A2682A6C25E34A7B0039A86D /* Model */ = {
			isa = PBXGroup;
			children = (
				A2682A6D25E34AEB0039A86D /* LIGDisplayObject.swift */,
				A2682A7025E34B2C0039A86D /* LIGChatMessageDO.swift */,
			);
			path = Model;
			sourceTree = "<group>";
		};
		A2682B0425E38FCA0039A86D /* CustomView */ = {
			isa = PBXGroup;
			children = (
				A2682B0D25E398CF0039A86D /* LIGMessagingFooterView.swift */,
			);
			path = CustomView;
			sourceTree = "<group>";
		};
		A2910AE625E0D94200C71B21 = {
			isa = PBXGroup;
			children = (
				A2910AF125E0D94200C71B21 /* Chat */,
				A2910AF025E0D94200C71B21 /* Products */,
				3E3BF6F59C8AA20F28083C94 /* Pods */,
				6C206388BB9ABCFD9CCDE8F0 /* Frameworks */,
			);
			sourceTree = "<group>";
		};
		A2910AF025E0D94200C71B21 /* Products */ = {
			isa = PBXGroup;
			children = (
				A2910AEF25E0D94200C71B21 /* Chat.app */,
			);
			name = Products;
			sourceTree = "<group>";
		};
		A2910AF125E0D94200C71B21 /* Chat */ = {
			isa = PBXGroup;
			children = (
				A2527C1525E2248A002D1596 /* Protocols */,
				A2527BFC25E1EB49002D1596 /* ViewModel */,
				A221957A25E1535F00CC3C02 /* Constants */,
				A221957925E1534F00CC3C02 /* Managers */,
				A221957825E1534000CC3C02 /* Extensions */,
				A221957725E1531A00CC3C02 /* Controller */,
				A221957625E1531300CC3C02 /* View */,
				A221957525E1530800CC3C02 /* Model */,
				A2910AF225E0D94200C71B21 /* AppDelegate.swift */,
				A2910AF425E0D94200C71B21 /* SceneDelegate.swift */,
				A2910AFB25E0D94400C71B21 /* Assets.xcassets */,
				A2910AFD25E0D94400C71B21 /* LaunchScreen.storyboard */,
				A221958C25E15E8B00CC3C02 /* Main.storyboard */,
				A2910B0025E0D94400C71B21 /* Info.plist */,
			);
			path = Chat;
			sourceTree = "<group>";
		};
/* End PBXGroup section */

/* Begin PBXNativeTarget section */
		A2910AEE25E0D94200C71B21 /* Chat */ = {
			isa = PBXNativeTarget;
			buildConfigurationList = A2910B0325E0D94400C71B21 /* Build configuration list for PBXNativeTarget "Chat" */;
			buildPhases = (
				4B6452FD8FB7E42733C2BDD7 /* [CP] Check Pods Manifest.lock */,
				A2910AEB25E0D94200C71B21 /* Sources */,
				A2910AEC25E0D94200C71B21 /* Frameworks */,
				A2910AED25E0D94200C71B21 /* Resources */,
				1A1E1CB3CE42E22233AC1300 /* [CP] Embed Pods Frameworks */,
			);
			buildRules = (
			);
			dependencies = (
			);
			name = Chat;
			productName = Chat;
			productReference = A2910AEF25E0D94200C71B21 /* Chat.app */;
			productType = "com.apple.product-type.application";
		};
/* End PBXNativeTarget section */

/* Begin PBXProject section */
		A2910AE725E0D94200C71B21 /* Project object */ = {
			isa = PBXProject;
			attributes = {
				CLASSPREFIX = LIG;
				LastSwiftUpdateCheck = 1230;
				LastUpgradeCheck = 1230;
				ORGANIZATIONNAME = "LIG Inc.";
				TargetAttributes = {
					A2910AEE25E0D94200C71B21 = {
						CreatedOnToolsVersion = 12.3;
					};
				};
			};
			buildConfigurationList = A2910AEA25E0D94200C71B21 /* Build configuration list for PBXProject "Chat" */;
			compatibilityVersion = "Xcode 9.3";
			developmentRegion = en;
			hasScannedForEncodings = 0;
			knownRegions = (
				en,
				Base,
			);
			mainGroup = A2910AE625E0D94200C71B21;
			productRefGroup = A2910AF025E0D94200C71B21 /* Products */;
			projectDirPath = "";
			projectRoot = "";
			targets = (
				A2910AEE25E0D94200C71B21 /* Chat */,
			);
		};
/* End PBXProject section */

/* Begin PBXResourcesBuildPhase section */
		A2910AED25E0D94200C71B21 /* Resources */ = {
			isa = PBXResourcesBuildPhase;
			buildActionMask = 2147483647;
			files = (
				A2682A7A25E350600039A86D /* LIGOwnerChatMessageTableViewCell.xib in Resources */,
				A2682A7F25E352280039A86D /* LIGMemberChatMessageTableViewCell.xib in Resources */,
				A221958E25E15E8B00CC3C02 /* Main.storyboard in Resources */,
				A2910AFF25E0D94400C71B21 /* LaunchScreen.storyboard in Resources */,
				A2910AFC25E0D94400C71B21 /* Assets.xcassets in Resources */,
			);
			runOnlyForDeploymentPostprocessing = 0;
		};
/* End PBXResourcesBuildPhase section */

/* Begin PBXShellScriptBuildPhase section */
		1A1E1CB3CE42E22233AC1300 /* [CP] Embed Pods Frameworks */ = {
			isa = PBXShellScriptBuildPhase;
			buildActionMask = 2147483647;
			files = (
			);
			inputFileListPaths = (
				"${PODS_ROOT}/Target Support Files/Pods-Chat/Pods-Chat-frameworks-${CONFIGURATION}-input-files.xcfilelist",
			);
			name = "[CP] Embed Pods Frameworks";
			outputFileListPaths = (
				"${PODS_ROOT}/Target Support Files/Pods-Chat/Pods-Chat-frameworks-${CONFIGURATION}-output-files.xcfilelist",
			);
			runOnlyForDeploymentPostprocessing = 0;
			shellPath = /bin/sh;
			shellScript = "\"${PODS_ROOT}/Target Support Files/Pods-Chat/Pods-Chat-frameworks.sh\"\n";
			showEnvVarsInLog = 0;
		};
		4B6452FD8FB7E42733C2BDD7 /* [CP] Check Pods Manifest.lock */ = {
			isa = PBXShellScriptBuildPhase;
			buildActionMask = 2147483647;
			files = (
			);
			inputFileListPaths = (
			);
			inputPaths = (
				"${PODS_PODFILE_DIR_PATH}/Podfile.lock",
				"${PODS_ROOT}/Manifest.lock",
			);
			name = "[CP] Check Pods Manifest.lock";
			outputFileListPaths = (
			);
			outputPaths = (
				"$(DERIVED_FILE_DIR)/Pods-Chat-checkManifestLockResult.txt",
			);
			runOnlyForDeploymentPostprocessing = 0;
			shellPath = /bin/sh;
			shellScript = "diff \"${PODS_PODFILE_DIR_PATH}/Podfile.lock\" \"${PODS_ROOT}/Manifest.lock\" > /dev/null\nif [ $? != 0 ] ; then\n    # print error to STDERR\n    echo \"error: The sandbox is not in sync with the Podfile.lock. Run 'pod install' or update your CocoaPods installation.\" >&2\n    exit 1\nfi\n# This output is used by Xcode 'outputs' to avoid re-running this script phase.\necho \"SUCCESS\" > \"${SCRIPT_OUTPUT_FILE_0}\"\n";
			showEnvVarsInLog = 0;
		};
/* End PBXShellScriptBuildPhase section */

/* Begin PBXSourcesBuildPhase section */
		A2910AEB25E0D94200C71B21 /* Sources */ = {
			isa = PBXSourcesBuildPhase;
			buildActionMask = 2147483647;
			files = (
				A2682A7925E350600039A86D /* LIGOwnerChatMessageTableViewCell.swift in Sources */,
				A2682A7525E34FD10039A86D /* LIGChatMessageTableViewCell.swift in Sources */,
				A221959225E1642900CC3C02 /* UIFont+Extension.swift in Sources */,
				A2527C2625E22994002D1596 /* LIGUserSchema.swift in Sources */,
				A2682A7E25E352280039A86D /* LIGMemberChatMessageTableViewCell.swift in Sources */,
				A2527C3025E28B78002D1596 /* LIGMessagingViewModel.swift in Sources */,
				A22195A125E170AA00CC3C02 /* LIGUserManager.swift in Sources */,
				A22195A825E17E4D00CC3C02 /* LIGConstants.swift in Sources */,
				A2682A6E25E34AEB0039A86D /* LIGDisplayObject.swift in Sources */,
				A2527C1725E224C2002D1596 /* LIGDataSourceProtocol.swift in Sources */,
				A221959E25E1708900CC3C02 /* LIGStoryboardManager.swift in Sources */,
				A2527BFE25E1EB64002D1596 /* LIGViewModel.swift in Sources */,
				A2910AF325E0D94200C71B21 /* AppDelegate.swift in Sources */,
				A2682B0E25E398CF0039A86D /* LIGMessagingFooterView.swift in Sources */,
				A2527C2225E2270E002D1596 /* LIGUserModel.swift in Sources */,
				A2527C0125E1EBA9002D1596 /* LIGAuthenticationViewModel.swift in Sources */,
				A2527C2C25E26B13002D1596 /* LIGMessagingViewController.swift in Sources */,
				A221958925E15DFF00CC3C02 /* LIGIndexViewController.swift in Sources */,
				A2910AF525E0D94200C71B21 /* SceneDelegate.swift in Sources */,
				A221957C25E153CC00CC3C02 /* UIColor+Extension.swift in Sources */,
				A2527C2925E26639002D1596 /* LIGPopupManager.swift in Sources */,
				A2682A8425E35EB10039A86D /* LIGViewCellProtocol.swift in Sources */,
				A2527C1025E20C47002D1596 /* LIGDatabaseManager.swift in Sources */,
				A221958125E1592E00CC3C02 /* LIGViewController.swift in Sources */,
				A2682A7125E34B2C0039A86D /* LIGChatMessageDO.swift in Sources */,
				A2527C1B25E2257B002D1596 /* LIGUserDataSource.swift in Sources */,
				A221959B25E16F6200CC3C02 /* LIGAuthenticationViewController.swift in Sources */,
			);
			runOnlyForDeploymentPostprocessing = 0;
		};
/* End PBXSourcesBuildPhase section */

/* Begin PBXVariantGroup section */
		A221958C25E15E8B00CC3C02 /* Main.storyboard */ = {
			isa = PBXVariantGroup;
			children = (
				A221958D25E15E8B00CC3C02 /* Base */,
			);
			name = Main.storyboard;
			sourceTree = "<group>";
		};
		A2910AFD25E0D94400C71B21 /* LaunchScreen.storyboard */ = {
			isa = PBXVariantGroup;
			children = (
				A2910AFE25E0D94400C71B21 /* Base */,
			);
			name = LaunchScreen.storyboard;
			sourceTree = "<group>";
		};
/* End PBXVariantGroup section */

/* Begin XCBuildConfiguration section */
		A2910B0125E0D94400C71B21 /* Debug */ = {
			isa = XCBuildConfiguration;
			buildSettings = {
				ALWAYS_SEARCH_USER_PATHS = NO;
				CLANG_ANALYZER_NONNULL = YES;
				CLANG_ANALYZER_NUMBER_OBJECT_CONVERSION = YES_AGGRESSIVE;
				CLANG_CXX_LANGUAGE_STANDARD = "gnu++14";
				CLANG_CXX_LIBRARY = "libc++";
				CLANG_ENABLE_MODULES = YES;
				CLANG_ENABLE_OBJC_ARC = YES;
				CLANG_ENABLE_OBJC_WEAK = YES;
				CLANG_WARN_BLOCK_CAPTURE_AUTORELEASING = YES;
				CLANG_WARN_BOOL_CONVERSION = YES;
				CLANG_WARN_COMMA = YES;
				CLANG_WARN_CONSTANT_CONVERSION = YES;
				CLANG_WARN_DEPRECATED_OBJC_IMPLEMENTATIONS = YES;
				CLANG_WARN_DIRECT_OBJC_ISA_USAGE = YES_ERROR;
				CLANG_WARN_DOCUMENTATION_COMMENTS = YES;
				CLANG_WARN_EMPTY_BODY = YES;
				CLANG_WARN_ENUM_CONVERSION = YES;
				CLANG_WARN_INFINITE_RECURSION = YES;
				CLANG_WARN_INT_CONVERSION = YES;
				CLANG_WARN_NON_LITERAL_NULL_CONVERSION = YES;
				CLANG_WARN_OBJC_IMPLICIT_RETAIN_SELF = YES;
				CLANG_WARN_OBJC_LITERAL_CONVERSION = YES;
				CLANG_WARN_OBJC_ROOT_CLASS = YES_ERROR;
				CLANG_WARN_QUOTED_INCLUDE_IN_FRAMEWORK_HEADER = YES;
				CLANG_WARN_RANGE_LOOP_ANALYSIS = YES;
				CLANG_WARN_STRICT_PROTOTYPES = YES;
				CLANG_WARN_SUSPICIOUS_MOVE = YES;
				CLANG_WARN_UNGUARDED_AVAILABILITY = YES_AGGRESSIVE;
				CLANG_WARN_UNREACHABLE_CODE = YES;
				CLANG_WARN__DUPLICATE_METHOD_MATCH = YES;
				COPY_PHASE_STRIP = NO;
				DEBUG_INFORMATION_FORMAT = dwarf;
				ENABLE_STRICT_OBJC_MSGSEND = YES;
				ENABLE_TESTABILITY = YES;
				GCC_C_LANGUAGE_STANDARD = gnu11;
				GCC_DYNAMIC_NO_PIC = NO;
				GCC_NO_COMMON_BLOCKS = YES;
				GCC_OPTIMIZATION_LEVEL = 0;
				GCC_PREPROCESSOR_DEFINITIONS = (
					"DEBUG=1",
					"$(inherited)",
				);
				GCC_WARN_64_TO_32_BIT_CONVERSION = YES;
				GCC_WARN_ABOUT_RETURN_TYPE = YES_ERROR;
				GCC_WARN_UNDECLARED_SELECTOR = YES;
				GCC_WARN_UNINITIALIZED_AUTOS = YES_AGGRESSIVE;
				GCC_WARN_UNUSED_FUNCTION = YES;
				GCC_WARN_UNUSED_VARIABLE = YES;
				IPHONEOS_DEPLOYMENT_TARGET = 14.3;
				MTL_ENABLE_DEBUG_INFO = INCLUDE_SOURCE;
				MTL_FAST_MATH = YES;
				ONLY_ACTIVE_ARCH = YES;
				SDKROOT = iphoneos;
				SWIFT_ACTIVE_COMPILATION_CONDITIONS = DEBUG;
				SWIFT_OPTIMIZATION_LEVEL = "-Onone";
				SWIFT_VERSION = 4.2;
			};
			name = Debug;
		};
		A2910B0225E0D94400C71B21 /* Release */ = {
			isa = XCBuildConfiguration;
			buildSettings = {
				ALWAYS_SEARCH_USER_PATHS = NO;
				CLANG_ANALYZER_NONNULL = YES;
				CLANG_ANALYZER_NUMBER_OBJECT_CONVERSION = YES_AGGRESSIVE;
				CLANG_CXX_LANGUAGE_STANDARD = "gnu++14";
				CLANG_CXX_LIBRARY = "libc++";
				CLANG_ENABLE_MODULES = YES;
				CLANG_ENABLE_OBJC_ARC = YES;
				CLANG_ENABLE_OBJC_WEAK = YES;
				CLANG_WARN_BLOCK_CAPTURE_AUTORELEASING = YES;
				CLANG_WARN_BOOL_CONVERSION = YES;
				CLANG_WARN_COMMA = YES;
				CLANG_WARN_CONSTANT_CONVERSION = YES;
				CLANG_WARN_DEPRECATED_OBJC_IMPLEMENTATIONS = YES;
				CLANG_WARN_DIRECT_OBJC_ISA_USAGE = YES_ERROR;
				CLANG_WARN_DOCUMENTATION_COMMENTS = YES;
				CLANG_WARN_EMPTY_BODY = YES;
				CLANG_WARN_ENUM_CONVERSION = YES;
				CLANG_WARN_INFINITE_RECURSION = YES;
				CLANG_WARN_INT_CONVERSION = YES;
				CLANG_WARN_NON_LITERAL_NULL_CONVERSION = YES;
				CLANG_WARN_OBJC_IMPLICIT_RETAIN_SELF = YES;
				CLANG_WARN_OBJC_LITERAL_CONVERSION = YES;
				CLANG_WARN_OBJC_ROOT_CLASS = YES_ERROR;
				CLANG_WARN_QUOTED_INCLUDE_IN_FRAMEWORK_HEADER = YES;
				CLANG_WARN_RANGE_LOOP_ANALYSIS = YES;
				CLANG_WARN_STRICT_PROTOTYPES = YES;
				CLANG_WARN_SUSPICIOUS_MOVE = YES;
				CLANG_WARN_UNGUARDED_AVAILABILITY = YES_AGGRESSIVE;
				CLANG_WARN_UNREACHABLE_CODE = YES;
				CLANG_WARN__DUPLICATE_METHOD_MATCH = YES;
				COPY_PHASE_STRIP = NO;
				DEBUG_INFORMATION_FORMAT = "dwarf-with-dsym";
				ENABLE_NS_ASSERTIONS = NO;
				ENABLE_STRICT_OBJC_MSGSEND = YES;
				GCC_C_LANGUAGE_STANDARD = gnu11;
				GCC_NO_COMMON_BLOCKS = YES;
				GCC_WARN_64_TO_32_BIT_CONVERSION = YES;
				GCC_WARN_ABOUT_RETURN_TYPE = YES_ERROR;
				GCC_WARN_UNDECLARED_SELECTOR = YES;
				GCC_WARN_UNINITIALIZED_AUTOS = YES_AGGRESSIVE;
				GCC_WARN_UNUSED_FUNCTION = YES;
				GCC_WARN_UNUSED_VARIABLE = YES;
				IPHONEOS_DEPLOYMENT_TARGET = 14.3;
				MTL_ENABLE_DEBUG_INFO = NO;
				MTL_FAST_MATH = YES;
				SDKROOT = iphoneos;
				SWIFT_COMPILATION_MODE = wholemodule;
				SWIFT_OPTIMIZATION_LEVEL = "-O";
				SWIFT_VERSION = 4.2;
				VALIDATE_PRODUCT = YES;
			};
			name = Release;
		};
		A2910B0425E0D94400C71B21 /* Debug */ = {
			isa = XCBuildConfiguration;
			baseConfigurationReference = 3B02D65FF56F17978CB8FFBB /* Pods-Chat.debug.xcconfig */;
			buildSettings = {
				ASSETCATALOG_COMPILER_APPICON_NAME = AppIcon;
				ASSETCATALOG_COMPILER_GLOBAL_ACCENT_COLOR_NAME = AccentColor;
				CODE_SIGN_STYLE = Automatic;
				DEVELOPMENT_TEAM = RCBKCTHFMH;
				EXCLUDED_ARCHS = arm64;
				INFOPLIST_FILE = Chat/Info.plist;
				LD_RUNPATH_SEARCH_PATHS = (
					"$(inherited)",
					"@executable_path/Frameworks",
				);
				PRODUCT_BUNDLE_IDENTIFIER = com.lig.Chat;
				PRODUCT_NAME = "$(TARGET_NAME)";
				SWIFT_VERSION = 4.2;
				TARGETED_DEVICE_FAMILY = 1;
			};
			name = Debug;
		};
		A2910B0525E0D94400C71B21 /* Release */ = {
			isa = XCBuildConfiguration;
			baseConfigurationReference = B1D575C91D5038AA7AB8B444 /* Pods-Chat.release.xcconfig */;
			buildSettings = {
				ASSETCATALOG_COMPILER_APPICON_NAME = AppIcon;
				ASSETCATALOG_COMPILER_GLOBAL_ACCENT_COLOR_NAME = AccentColor;
				CODE_SIGN_STYLE = Automatic;
				DEVELOPMENT_TEAM = RCBKCTHFMH;
				EXCLUDED_ARCHS = "";
				INFOPLIST_FILE = Chat/Info.plist;
				LD_RUNPATH_SEARCH_PATHS = (
					"$(inherited)",
					"@executable_path/Frameworks",
				);
				PRODUCT_BUNDLE_IDENTIFIER = com.lig.Chat;
				PRODUCT_NAME = "$(TARGET_NAME)";
				SWIFT_VERSION = 4.2;
				TARGETED_DEVICE_FAMILY = 1;
			};
			name = Release;
		};
/* End XCBuildConfiguration section */

/* Begin XCConfigurationList section */
		A2910AEA25E0D94200C71B21 /* Build configuration list for PBXProject "Chat" */ = {
			isa = XCConfigurationList;
			buildConfigurations = (
				A2910B0125E0D94400C71B21 /* Debug */,
				A2910B0225E0D94400C71B21 /* Release */,
			);
			defaultConfigurationIsVisible = 0;
			defaultConfigurationName = Release;
		};
		A2910B0325E0D94400C71B21 /* Build configuration list for PBXNativeTarget "Chat" */ = {
			isa = XCConfigurationList;
			buildConfigurations = (
				A2910B0425E0D94400C71B21 /* Debug */,
				A2910B0525E0D94400C71B21 /* Release */,
			);
			defaultConfigurationIsVisible = 0;
			defaultConfigurationName = Release;
		};
/* End XCConfigurationList section */
	};
	rootObject = A2910AE725E0D94200C71B21 /* Project object */;
}
